{
  "name": "npm-malicious-package",
  "version": "1.0.0",
  "lockfileVersion": 1,
  "requires": true,
  "dependencies": {
    "nodetest1010": {
      "version": "0.0.1-security",
      "resolved": "https://registry.npmjs.org/nodetest1010/-/nodetest1010-0.0.1-security.tgz",
      "integrity": "sha512-hYcDDkdY666LAzby0+sxidnZW7tVzPUI4FdkS3wkbkit7OYf9QBhDNzgmgBMMrzLOhcuBFdVTt0WIFUdF5VgWA=="
    }
  }
}
